{
  "nodes": {
    "agnoster": {
      "inputs": {
        "flake-utils": [
          "flake-utils"
        ],
        "nixpkgs": [
          "nixpkgs"
        ]
      },
      "locked": {
        "lastModified": 1625824140,
        "narHash": "sha256-0/FgJlQULIXKhQIt3z3ugAGubgMlwFZa/cjGjiq7BcA=",
        "owner": "hauleth",
        "repo": "agnoster",
        "rev": "7312ebb59769d5ff503fd06b174103f0f7ba368a",
        "type": "github"
      },
      "original": {
        "owner": "hauleth",
        "repo": "agnoster",
        "type": "github"
      }
    },
    "darwin": {
      "inputs": {
        "nixpkgs": [
          "nixpkgs"
        ]
      },
      "locked": {
        "lastModified": 1682773107,
        "narHash": "sha256-+h94XeJnG3uk5imJlBi/1lVmcfCbxHpwZp5u7n3Krwg=",
        "owner": "lnl7",
        "repo": "nix-darwin",
        "rev": "379d42fad6bc5c28f79d5f7ff2fa5f1c90cb7bf8",
        "type": "github"
      },
      "original": {
        "owner": "lnl7",
        "repo": "nix-darwin",
        "type": "github"
      }
    },
    "flake-utils": {
      "inputs": {
        "systems": "systems"
      },
      "locked": {
        "lastModified": 1681202837,
        "narHash": "sha256-H+Rh19JDwRtpVPAWp64F+rlEtxUWBAQW28eAi3SRSzg=",
        "owner": "numtide",
        "repo": "flake-utils",
        "rev": "cfacdce06f30d2b68473a46042957675eebb3401",
        "type": "github"
      },
      "original": {
        "id": "flake-utils",
        "type": "indirect"
      }
    },
    "flake-utils_2": {
      "locked": {
        "lastModified": 1667395993,
        "narHash": "sha256-nuEHfE/LcWyuSWnS8t12N1wc105Qtau+/OdUAjtQ0rA=",
        "owner": "numtide",
        "repo": "flake-utils",
        "rev": "5aed5285a952e0b949eb3ba02c12fa4fcfef535f",
        "type": "github"
      },
      "original": {
        "owner": "numtide",
        "repo": "flake-utils",
        "type": "github"
      }
    },
    "home-manager": {
      "inputs": {
        "nixpkgs": [
          "nixpkgs"
        ]
      },
      "locked": {
        "lastModified": 1683221986,
        "narHash": "sha256-n688GK4wO2pZpI4gHOxj/PF85bzUMPEJ8B3Wd3cHSjk=",
        "owner": "nix-community",
        "repo": "home-manager",
        "rev": "f3824311a16cbe70dbaeedc17a97dfcd11901c3f",
        "type": "github"
      },
      "original": {
        "id": "home-manager",
        "type": "indirect"
      }
    },
    "nix-elixir": {
      "inputs": {
        "flake-utils": "flake-utils_2",
        "nixpkgs": "nixpkgs"
      },
      "locked": {
        "lastModified": 1672929845,
        "narHash": "sha256-wLd7006LmsVZJcok8QMzeHjFFS7bOivsKP52QNeR5UU=",
        "owner": "hauleth",
        "repo": "nix-elixir",
        "rev": "b461d4d95a8797efc96c375bc82e88d849efabe6",
        "type": "github"
      },
      "original": {
        "owner": "hauleth",
        "repo": "nix-elixir",
        "type": "github"
      }
    },
    "nixpkgs": {
      "locked": {
        "lastModified": 1669867399,
        "narHash": "sha256-Z8RXSFYOsIsTG96ROKtV0eZ8Q7u4irFWm6ELqfw7mT8=",
        "owner": "NixOS",
        "repo": "nixpkgs",
        "rev": "38e591dd05ffc8bdf79dc752ba78b05e370416fa",
        "type": "github"
      },
      "original": {
        "id": "nixpkgs",
        "type": "indirect"
      }
    },
    "nixpkgs_2": {
      "locked": {
        "lastModified": 1683168220,
        "narHash": "sha256-+2gNbWwWeECbQ4WHjdWWUDErdNbyHQvn+C9G47tMwxQ=",
        "owner": "NixOS",
        "repo": "nixpkgs",
        "rev": "2395e4f1f733dc2a048a1b048f259763b2622ea2",
        "type": "github"
      },
      "original": {
        "id": "nixpkgs",
        "ref": "nixpkgs-unstable",
        "type": "indirect"
      }
    },
    "root": {
      "inputs": {
        "agnoster": "agnoster",
        "darwin": "darwin",
        "flake-utils": "flake-utils",
        "home-manager": "home-manager",
        "nix-elixir": "nix-elixir",
        "nixpkgs": "nixpkgs_2"
      }
    },
    "systems": {
      "locked": {
        "lastModified": 1681028828,
        "narHash": "sha256-Vy1rq5AaRuLzOxct8nz4T6wlgyUR7zLU309k9mBC768=",
        "owner": "nix-systems",
        "repo": "default",
        "rev": "da67096a3b9bf56a91d16901293e51ba5b49a27e",
        "type": "github"
      },
      "original": {
        "owner": "nix-systems",
        "repo": "default",
        "type": "github"
      }
    }
  },
  "root": "root",
  "version": 7
}
