{
  "nodes": {
    "agnoster": {
      "inputs": {
        "flake-utils": "flake-utils",
        "nixpkgs": [
          "nixpkgs"
        ]
      },
      "locked": {
        "lastModified": 1625824140,
        "narHash": "sha256-0/FgJlQULIXKhQIt3z3ugAGubgMlwFZa/cjGjiq7BcA=",
        "owner": "hauleth",
        "repo": "agnoster",
        "rev": "7312ebb59769d5ff503fd06b174103f0f7ba368a",
        "type": "github"
      },
      "original": {
        "owner": "hauleth",
        "repo": "agnoster",
        "type": "github"
      }
    },
    "darwin": {
      "inputs": {
        "nixpkgs": [
          "nixpkgs"
        ]
      },
      "locked": {
        "lastModified": 1650399173,
        "narHash": "sha256-YYJDu6CxLGIrjnH6uAmPxqRmrgrqPhXNZHpZoqw3q5k=",
        "owner": "lnl7",
        "repo": "nix-darwin",
        "rev": "2979028c51ba0ad7e2062dbdc1674be0f71092fc",
        "type": "github"
      },
      "original": {
        "owner": "lnl7",
        "repo": "nix-darwin",
        "type": "github"
      }
    },
    "flake-utils": {
      "locked": {
        "lastModified": 1623875721,
        "narHash": "sha256-A8BU7bjS5GirpAUv4QA+QnJ4CceLHkcXdRp4xITDB0s=",
        "owner": "numtide",
        "repo": "flake-utils",
        "rev": "f7e004a55b120c02ecb6219596820fcd32ca8772",
        "type": "github"
      },
      "original": {
        "owner": "numtide",
        "repo": "flake-utils",
        "type": "github"
      }
    },
    "nixpkgs": {
      "locked": {
        "lastModified": 1650469885,
        "narHash": "sha256-BuILRZ6pzMnGey8/irbjGq1oo3vIvZa1pitSdZCmIXA=",
        "owner": "NixOS",
        "repo": "nixpkgs",
        "rev": "df78cc4e2a46fca75d14508a5d2ed3494add28ff",
        "type": "github"
      },
      "original": {
        "id": "nixpkgs",
        "type": "indirect"
      }
    },
    "root": {
      "inputs": {
        "agnoster": "agnoster",
        "darwin": "darwin",
        "nixpkgs": "nixpkgs"
      }
    }
  },
  "root": "root",
  "version": 7
}
